// !$*UTF8*$!
{
	archiveVersion = 1;
	classes = {
	};
	objectVersion = 77;
	objects = {

/* Begin PBXBuildFile section */
		65245D5E2E301FC60089E688 /* WatchShoppingList Watch App.app in Embed Watch Content */ = {isa = PBXBuildFile; fileRef = 65245D3E2E301FC50089E688 /* WatchShoppingList Watch App.app */; settings = {ATTRIBUTES = (RemoveHeadersOnCopy, ); }; };
/* End PBXBuildFile section */

/* Begin PBXContainerItemProxy section */
		65245BEA2E2A9E880089E688 /* PBXContainerItemProxy */ = {
			isa = PBXContainerItemProxy;
			containerPortal = 65245BD42E2A9E860089E688 /* Project object */;
			proxyType = 1;
			remoteGlobalIDString = 65245BDB2E2A9E860089E688;
			remoteInfo = ShoppingList;
		};
		65245BF42E2A9E880089E688 /* PBXContainerItemProxy */ = {
			isa = PBXContainerItemProxy;
			containerPortal = 65245BD42E2A9E860089E688 /* Project object */;
			proxyType = 1;
			remoteGlobalIDString = 65245BDB2E2A9E860089E688;
			remoteInfo = ShoppingList;
		};
		65245D4B2E301FC60089E688 /* PBXContainerItemProxy */ = {
			isa = PBXContainerItemProxy;
			containerPortal = 65245BD42E2A9E860089E688 /* Project object */;
			proxyType = 1;
			remoteGlobalIDString = 65245D3D2E301FC50089E688;
			remoteInfo = "WatchShoppingList Watch App";
		};
		65245D552E301FC60089E688 /* PBXContainerItemProxy */ = {
			isa = PBXContainerItemProxy;
			containerPortal = 65245BD42E2A9E860089E688 /* Project object */;
			proxyType = 1;
			remoteGlobalIDString = 65245D3D2E301FC50089E688;
			remoteInfo = "WatchShoppingList Watch App";
		};
		65245D5C2E301FC60089E688 /* PBXContainerItemProxy */ = {
			isa = PBXContainerItemProxy;
			containerPortal = 65245BD42E2A9E860089E688 /* Project object */;
			proxyType = 1;
			remoteGlobalIDString = 65245D3D2E301FC50089E688;
			remoteInfo = "WatchShoppingList Watch App";
		};
/* End PBXContainerItemProxy section */

/* Begin PBXCopyFilesBuildPhase section */
		65245C552E2FF70C0089E688 /* Embed Watch Content */ = {
			isa = PBXCopyFilesBuildPhase;
			buildActionMask = 2147483647;
			dstPath = "$(CONTENTS_FOLDER_PATH)/Watch";
			dstSubfolderSpec = 16;
			files = (
				65245D5E2E301FC60089E688 /* WatchShoppingList Watch App.app in Embed Watch Content */,
			);
			name = "Embed Watch Content";
			runOnlyForDeploymentPostprocessing = 0;
		};
/* End PBXCopyFilesBuildPhase section */

/* Begin PBXFileReference section */
		65245BDC2E2A9E860089E688 /* ShoppingList.app */ = {isa = PBXFileReference; explicitFileType = wrapper.application; includeInIndex = 0; path = ShoppingList.app; sourceTree = BUILT_PRODUCTS_DIR; };
		65245BE92E2A9E880089E688 /* ShoppingListTests.xctest */ = {isa = PBXFileReference; explicitFileType = wrapper.cfbundle; includeInIndex = 0; path = ShoppingListTests.xctest; sourceTree = BUILT_PRODUCTS_DIR; };
		65245BF32E2A9E880089E688 /* ShoppingListUITests.xctest */ = {isa = PBXFileReference; explicitFileType = wrapper.cfbundle; includeInIndex = 0; path = ShoppingListUITests.xctest; sourceTree = BUILT_PRODUCTS_DIR; };
		65245D3E2E301FC50089E688 /* WatchShoppingList Watch App.app */ = {isa = PBXFileReference; explicitFileType = wrapper.application; includeInIndex = 0; path = "WatchShoppingList Watch App.app"; sourceTree = BUILT_PRODUCTS_DIR; };
		65245D4A2E301FC60089E688 /* WatchShoppingList Watch AppTests.xctest */ = {isa = PBXFileReference; explicitFileType = wrapper.cfbundle; includeInIndex = 0; path = "WatchShoppingList Watch AppTests.xctest"; sourceTree = BUILT_PRODUCTS_DIR; };
		65245D542E301FC60089E688 /* WatchShoppingList Watch AppUITests.xctest */ = {isa = PBXFileReference; explicitFileType = wrapper.cfbundle; includeInIndex = 0; path = "WatchShoppingList Watch AppUITests.xctest"; sourceTree = BUILT_PRODUCTS_DIR; };
/* End PBXFileReference section */

/* Begin PBXFileSystemSynchronizedBuildFileExceptionSet section */
		65245D812E301FEA0089E688 /* Exceptions for "ShoppingList" folder in "WatchShoppingList Watch App" target */ = {
			isa = PBXFileSystemSynchronizedBuildFileExceptionSet;
			membershipExceptions = (
				Model/Category.swift,
				Model/Item.swift,
				Model/ModelData.swift,
				Model/ShoppingList.swift,
				Model/StoreFile.swift,
				Resources/categories.json,
				ShoppingListApp.swift,
				Views/Items/AddItemView.swift,
			);
			target = 65245D3D2E301FC50089E688 /* WatchShoppingList Watch App */;
		};
/* End PBXFileSystemSynchronizedBuildFileExceptionSet section */

/* Begin PBXFileSystemSynchronizedRootGroup section */
		65245BDE2E2A9E860089E688 /* ShoppingList */ = {
			isa = PBXFileSystemSynchronizedRootGroup;
			exceptions = (
				65245D812E301FEA0089E688 /* Exceptions for "ShoppingList" folder in "WatchShoppingList Watch App" target */,
			);
			path = ShoppingList;
			sourceTree = "<group>";
		};
		65245BEC2E2A9E880089E688 /* ShoppingListTests */ = {
			isa = PBXFileSystemSynchronizedRootGroup;
			path = ShoppingListTests;
			sourceTree = "<group>";
		};
		65245BF62E2A9E880089E688 /* ShoppingListUITests */ = {
			isa = PBXFileSystemSynchronizedRootGroup;
			path = ShoppingListUITests;
			sourceTree = "<group>";
		};
		65245D3F2E301FC50089E688 /* WatchShoppingList Watch App */ = {
			isa = PBXFileSystemSynchronizedRootGroup;
			path = "WatchShoppingList Watch App";
			sourceTree = "<group>";
		};
		65245D4D2E301FC60089E688 /* WatchShoppingList Watch AppTests */ = {
			isa = PBXFileSystemSynchronizedRootGroup;
			path = "WatchShoppingList Watch AppTests";
			sourceTree = "<group>";
		};
		65245D572E301FC60089E688 /* WatchShoppingList Watch AppUITests */ = {
			isa = PBXFileSystemSynchronizedRootGroup;
			path = "WatchShoppingList Watch AppUITests";
			sourceTree = "<group>";
		};
/* End PBXFileSystemSynchronizedRootGroup section */

/* Begin PBXFrameworksBuildPhase section */
		65245BD92E2A9E860089E688 /* Frameworks */ = {
			isa = PBXFrameworksBuildPhase;
			buildActionMask = 2147483647;
			files = (
			);
			runOnlyForDeploymentPostprocessing = 0;
		};
		65245BE62E2A9E880089E688 /* Frameworks */ = {
			isa = PBXFrameworksBuildPhase;
			buildActionMask = 2147483647;
			files = (
			);
			runOnlyForDeploymentPostprocessing = 0;
		};
		65245BF02E2A9E880089E688 /* Frameworks */ = {
			isa = PBXFrameworksBuildPhase;
			buildActionMask = 2147483647;
			files = (
			);
			runOnlyForDeploymentPostprocessing = 0;
		};
		65245D3B2E301FC50089E688 /* Frameworks */ = {
			isa = PBXFrameworksBuildPhase;
			buildActionMask = 2147483647;
			files = (
			);
			runOnlyForDeploymentPostprocessing = 0;
		};
		65245D472E301FC60089E688 /* Frameworks */ = {
			isa = PBXFrameworksBuildPhase;
			buildActionMask = 2147483647;
			files = (
			);
			runOnlyForDeploymentPostprocessing = 0;
		};
		65245D512E301FC60089E688 /* Frameworks */ = {
			isa = PBXFrameworksBuildPhase;
			buildActionMask = 2147483647;
			files = (
			);
			runOnlyForDeploymentPostprocessing = 0;
		};
/* End PBXFrameworksBuildPhase section */

/* Begin PBXGroup section */
		65245BD32E2A9E860089E688 = {
			isa = PBXGroup;
			children = (
				65245BDE2E2A9E860089E688 /* ShoppingList */,
				65245BEC2E2A9E880089E688 /* ShoppingListTests */,
				65245BF62E2A9E880089E688 /* ShoppingListUITests */,
				65245D3F2E301FC50089E688 /* WatchShoppingList Watch App */,
				65245D4D2E301FC60089E688 /* WatchShoppingList Watch AppTests */,
				65245D572E301FC60089E688 /* WatchShoppingList Watch AppUITests */,
				65245BDD2E2A9E860089E688 /* Products */,
			);
			sourceTree = "<group>";
		};
		65245BDD2E2A9E860089E688 /* Products */ = {
			isa = PBXGroup;
			children = (
				65245BDC2E2A9E860089E688 /* ShoppingList.app */,
				65245BE92E2A9E880089E688 /* ShoppingListTests.xctest */,
				65245BF32E2A9E880089E688 /* ShoppingListUITests.xctest */,
				65245D3E2E301FC50089E688 /* WatchShoppingList Watch App.app */,
				65245D4A2E301FC60089E688 /* WatchShoppingList Watch AppTests.xctest */,
				65245D542E301FC60089E688 /* WatchShoppingList Watch AppUITests.xctest */,
			);
			name = Products;
			sourceTree = "<group>";
		};
/* End PBXGroup section */

/* Begin PBXNativeTarget section */
		65245BDB2E2A9E860089E688 /* ShoppingList */ = {
			isa = PBXNativeTarget;
			buildConfigurationList = 65245BFD2E2A9E880089E688 /* Build configuration list for PBXNativeTarget "ShoppingList" */;
			buildPhases = (
				65245BD82E2A9E860089E688 /* Sources */,
				65245BD92E2A9E860089E688 /* Frameworks */,
				65245BDA2E2A9E860089E688 /* Resources */,
				65245C552E2FF70C0089E688 /* Embed Watch Content */,
			);
			buildRules = (
			);
			dependencies = (
				65245D5D2E301FC60089E688 /* PBXTargetDependency */,
			);
			fileSystemSynchronizedGroups = (
				65245BDE2E2A9E860089E688 /* ShoppingList */,
			);
			name = ShoppingList;
			packageProductDependencies = (
			);
			productName = ShoppingList;
			productReference = 65245BDC2E2A9E860089E688 /* ShoppingList.app */;
			productType = "com.apple.product-type.application";
		};
		65245BE82E2A9E880089E688 /* ShoppingListTests */ = {
			isa = PBXNativeTarget;
			buildConfigurationList = 65245C002E2A9E880089E688 /* Build configuration list for PBXNativeTarget "ShoppingListTests" */;
			buildPhases = (
				65245BE52E2A9E880089E688 /* Sources */,
				65245BE62E2A9E880089E688 /* Frameworks */,
				65245BE72E2A9E880089E688 /* Resources */,
			);
			buildRules = (
			);
			dependencies = (
				65245BEB2E2A9E880089E688 /* PBXTargetDependency */,
			);
			fileSystemSynchronizedGroups = (
				65245BEC2E2A9E880089E688 /* ShoppingListTests */,
			);
			name = ShoppingListTests;
			packageProductDependencies = (
			);
			productName = ShoppingListTests;
			productReference = 65245BE92E2A9E880089E688 /* ShoppingListTests.xctest */;
			productType = "com.apple.product-type.bundle.unit-test";
		};
		65245BF22E2A9E880089E688 /* ShoppingListUITests */ = {
			isa = PBXNativeTarget;
			buildConfigurationList = 65245C032E2A9E880089E688 /* Build configuration list for PBXNativeTarget "ShoppingListUITests" */;
			buildPhases = (
				65245BEF2E2A9E880089E688 /* Sources */,
				65245BF02E2A9E880089E688 /* Frameworks */,
				65245BF12E2A9E880089E688 /* Resources */,
			);
			buildRules = (
			);
			dependencies = (
				65245BF52E2A9E880089E688 /* PBXTargetDependency */,
			);
			fileSystemSynchronizedGroups = (
				65245BF62E2A9E880089E688 /* ShoppingListUITests */,
			);
			name = ShoppingListUITests;
			packageProductDependencies = (
			);
			productName = ShoppingListUITests;
			productReference = 65245BF32E2A9E880089E688 /* ShoppingListUITests.xctest */;
			productType = "com.apple.product-type.bundle.ui-testing";
		};
		65245D3D2E301FC50089E688 /* WatchShoppingList Watch App */ = {
			isa = PBXNativeTarget;
			buildConfigurationList = 65245D5F2E301FC60089E688 /* Build configuration list for PBXNativeTarget "WatchShoppingList Watch App" */;
			buildPhases = (
				65245D3A2E301FC50089E688 /* Sources */,
				65245D3B2E301FC50089E688 /* Frameworks */,
				65245D3C2E301FC50089E688 /* Resources */,
			);
			buildRules = (
			);
			dependencies = (
			);
			fileSystemSynchronizedGroups = (
				65245D3F2E301FC50089E688 /* WatchShoppingList Watch App */,
			);
			name = "WatchShoppingList Watch App";
			packageProductDependencies = (
			);
			productName = "WatchShoppingList Watch App";
			productReference = 65245D3E2E301FC50089E688 /* WatchShoppingList Watch App.app */;
			productType = "com.apple.product-type.application";
		};
		65245D492E301FC60089E688 /* WatchShoppingList Watch AppTests */ = {
			isa = PBXNativeTarget;
			buildConfigurationList = 65245D622E301FC60089E688 /* Build configuration list for PBXNativeTarget "WatchShoppingList Watch AppTests" */;
			buildPhases = (
				65245D462E301FC60089E688 /* Sources */,
				65245D472E301FC60089E688 /* Frameworks */,
				65245D482E301FC60089E688 /* Resources */,
			);
			buildRules = (
			);
			dependencies = (
				65245D4C2E301FC60089E688 /* PBXTargetDependency */,
			);
			fileSystemSynchronizedGroups = (
				65245D4D2E301FC60089E688 /* WatchShoppingList Watch AppTests */,
			);
			name = "WatchShoppingList Watch AppTests";
			packageProductDependencies = (
			);
			productName = "WatchShoppingList Watch AppTests";
			productReference = 65245D4A2E301FC60089E688 /* WatchShoppingList Watch AppTests.xctest */;
			productType = "com.apple.product-type.bundle.unit-test";
		};
		65245D532E301FC60089E688 /* WatchShoppingList Watch AppUITests */ = {
			isa = PBXNativeTarget;
			buildConfigurationList = 65245D652E301FC60089E688 /* Build configuration list for PBXNativeTarget "WatchShoppingList Watch AppUITests" */;
			buildPhases = (
				65245D502E301FC60089E688 /* Sources */,
				65245D512E301FC60089E688 /* Frameworks */,
				65245D522E301FC60089E688 /* Resources */,
			);
			buildRules = (
			);
			dependencies = (
				65245D562E301FC60089E688 /* PBXTargetDependency */,
			);
			fileSystemSynchronizedGroups = (
				65245D572E301FC60089E688 /* WatchShoppingList Watch AppUITests */,
			);
			name = "WatchShoppingList Watch AppUITests";
			packageProductDependencies = (
			);
			productName = "WatchShoppingList Watch AppUITests";
			productReference = 65245D542E301FC60089E688 /* WatchShoppingList Watch AppUITests.xctest */;
			productType = "com.apple.product-type.bundle.ui-testing";
		};
/* End PBXNativeTarget section */

/* Begin PBXProject section */
		65245BD42E2A9E860089E688 /* Project object */ = {
			isa = PBXProject;
			attributes = {
				BuildIndependentTargetsInParallel = 1;
				LastSwiftUpdateCheck = 1640;
				LastUpgradeCheck = 1640;
				TargetAttributes = {
					65245BDB2E2A9E860089E688 = {
						CreatedOnToolsVersion = 16.4;
					};
					65245BE82E2A9E880089E688 = {
						CreatedOnToolsVersion = 16.4;
						TestTargetID = 65245BDB2E2A9E860089E688;
					};
					65245BF22E2A9E880089E688 = {
						CreatedOnToolsVersion = 16.4;
						TestTargetID = 65245BDB2E2A9E860089E688;
					};
					65245D3D2E301FC50089E688 = {
						CreatedOnToolsVersion = 16.4;
					};
					65245D492E301FC60089E688 = {
						CreatedOnToolsVersion = 16.4;
						TestTargetID = 65245D3D2E301FC50089E688;
					};
					65245D532E301FC60089E688 = {
						CreatedOnToolsVersion = 16.4;
						TestTargetID = 65245D3D2E301FC50089E688;
					};
				};
			};
			buildConfigurationList = 65245BD72E2A9E860089E688 /* Build configuration list for PBXProject "ShoppingList" */;
			developmentRegion = en;
			hasScannedForEncodings = 0;
			knownRegions = (
				en,
				Base,
			);
			mainGroup = 65245BD32E2A9E860089E688;
			minimizedProjectReferenceProxies = 1;
			preferredProjectObjectVersion = 77;
			productRefGroup = 65245BDD2E2A9E860089E688 /* Products */;
			projectDirPath = "";
			projectRoot = "";
			targets = (
				65245BDB2E2A9E860089E688 /* ShoppingList */,
				65245BE82E2A9E880089E688 /* ShoppingListTests */,
				65245BF22E2A9E880089E688 /* ShoppingListUITests */,
				65245D3D2E301FC50089E688 /* WatchShoppingList Watch App */,
				65245D492E301FC60089E688 /* WatchShoppingList Watch AppTests */,
				65245D532E301FC60089E688 /* WatchShoppingList Watch AppUITests */,
			);
		};
/* End PBXProject section */

/* Begin PBXResourcesBuildPhase section */
		65245BDA2E2A9E860089E688 /* Resources */ = {
			isa = PBXResourcesBuildPhase;
			buildActionMask = 2147483647;
			files = (
			);
			runOnlyForDeploymentPostprocessing = 0;
		};
		65245BE72E2A9E880089E688 /* Resources */ = {
			isa = PBXResourcesBuildPhase;
			buildActionMask = 2147483647;
			files = (
			);
			runOnlyForDeploymentPostprocessing = 0;
		};
		65245BF12E2A9E880089E688 /* Resources */ = {
			isa = PBXResourcesBuildPhase;
			buildActionMask = 2147483647;
			files = (
			);
			runOnlyForDeploymentPostprocessing = 0;
		};
		65245D3C2E301FC50089E688 /* Resources */ = {
			isa = PBXResourcesBuildPhase;
			buildActionMask = 2147483647;
			files = (
			);
			runOnlyForDeploymentPostprocessing = 0;
		};
		65245D482E301FC60089E688 /* Resources */ = {
			isa = PBXResourcesBuildPhase;
			buildActionMask = 2147483647;
			files = (
			);
			runOnlyForDeploymentPostprocessing = 0;
		};
		65245D522E301FC60089E688 /* Resources */ = {
			isa = PBXResourcesBuildPhase;
			buildActionMask = 2147483647;
			files = (
			);
			runOnlyForDeploymentPostprocessing = 0;
		};
/* End PBXResourcesBuildPhase section */

/* Begin PBXSourcesBuildPhase section */
		65245BD82E2A9E860089E688 /* Sources */ = {
			isa = PBXSourcesBuildPhase;
			buildActionMask = 2147483647;
			files = (
			);
			runOnlyForDeploymentPostprocessing = 0;
		};
		65245BE52E2A9E880089E688 /* Sources */ = {
			isa = PBXSourcesBuildPhase;
			buildActionMask = 2147483647;
			files = (
			);
			runOnlyForDeploymentPostprocessing = 0;
		};
		65245BEF2E2A9E880089E688 /* Sources */ = {
			isa = PBXSourcesBuildPhase;
			buildActionMask = 2147483647;
			files = (
			);
			runOnlyForDeploymentPostprocessing = 0;
		};
		65245D3A2E301FC50089E688 /* Sources */ = {
			isa = PBXSourcesBuildPhase;
			buildActionMask = 2147483647;
			files = (
			);
			runOnlyForDeploymentPostprocessing = 0;
		};
		65245D462E301FC60089E688 /* Sources */ = {
			isa = PBXSourcesBuildPhase;
			buildActionMask = 2147483647;
			files = (
			);
			runOnlyForDeploymentPostprocessing = 0;
		};
		65245D502E301FC60089E688 /* Sources */ = {
			isa = PBXSourcesBuildPhase;
			buildActionMask = 2147483647;
			files = (
			);
			runOnlyForDeploymentPostprocessing = 0;
		};
/* End PBXSourcesBuildPhase section */

/* Begin PBXTargetDependency section */
		65245BEB2E2A9E880089E688 /* PBXTargetDependency */ = {
			isa = PBXTargetDependency;
			target = 65245BDB2E2A9E860089E688 /* ShoppingList */;
			targetProxy = 65245BEA2E2A9E880089E688 /* PBXContainerItemProxy */;
		};
		65245BF52E2A9E880089E688 /* PBXTargetDependency */ = {
			isa = PBXTargetDependency;
			target = 65245BDB2E2A9E860089E688 /* ShoppingList */;
			targetProxy = 65245BF42E2A9E880089E688 /* PBXContainerItemProxy */;
		};
		65245D4C2E301FC60089E688 /* PBXTargetDependency */ = {
			isa = PBXTargetDependency;
			target = 65245D3D2E301FC50089E688 /* WatchShoppingList Watch App */;
			targetProxy = 65245D4B2E301FC60089E688 /* PBXContainerItemProxy */;
		};
		65245D562E301FC60089E688 /* PBXTargetDependency */ = {
			isa = PBXTargetDependency;
			target = 65245D3D2E301FC50089E688 /* WatchShoppingList Watch App */;
			targetProxy = 65245D552E301FC60089E688 /* PBXContainerItemProxy */;
		};
		65245D5D2E301FC60089E688 /* PBXTargetDependency */ = {
			isa = PBXTargetDependency;
			target = 65245D3D2E301FC50089E688 /* WatchShoppingList Watch App */;
			targetProxy = 65245D5C2E301FC60089E688 /* PBXContainerItemProxy */;
		};
/* End PBXTargetDependency section */

/* Begin XCBuildConfiguration section */
		65245BFB2E2A9E880089E688 /* Debug */ = {
			isa = XCBuildConfiguration;
			buildSettings = {
				ALWAYS_SEARCH_USER_PATHS = NO;
				ASSETCATALOG_COMPILER_GENERATE_SWIFT_ASSET_SYMBOL_EXTENSIONS = YES;
				CLANG_ANALYZER_NONNULL = YES;
				CLANG_ANALYZER_NUMBER_OBJECT_CONVERSION = YES_AGGRESSIVE;
				CLANG_CXX_LANGUAGE_STANDARD = "gnu++20";
				CLANG_ENABLE_MODULES = YES;
				CLANG_ENABLE_OBJC_ARC = YES;
				CLANG_ENABLE_OBJC_WEAK = YES;
				CLANG_WARN_BLOCK_CAPTURE_AUTORELEASING = YES;
				CLANG_WARN_BOOL_CONVERSION = YES;
				CLANG_WARN_COMMA = YES;
				CLANG_WARN_CONSTANT_CONVERSION = YES;
				CLANG_WARN_DEPRECATED_OBJC_IMPLEMENTATIONS = YES;
				CLANG_WARN_DIRECT_OBJC_ISA_USAGE = YES_ERROR;
				CLANG_WARN_DOCUMENTATION_COMMENTS = YES;
				CLANG_WARN_EMPTY_BODY = YES;
				CLANG_WARN_ENUM_CONVERSION = YES;
				CLANG_WARN_INFINITE_RECURSION = YES;
				CLANG_WARN_INT_CONVERSION = YES;
				CLANG_WARN_NON_LITERAL_NULL_CONVERSION = YES;
				CLANG_WARN_OBJC_IMPLICIT_RETAIN_SELF = YES;
				CLANG_WARN_OBJC_LITERAL_CONVERSION = YES;
				CLANG_WARN_OBJC_ROOT_CLASS = YES_ERROR;
				CLANG_WARN_QUOTED_INCLUDE_IN_FRAMEWORK_HEADER = YES;
				CLANG_WARN_RANGE_LOOP_ANALYSIS = YES;
				CLANG_WARN_STRICT_PROTOTYPES = YES;
				CLANG_WARN_SUSPICIOUS_MOVE = YES;
				CLANG_WARN_UNGUARDED_AVAILABILITY = YES_AGGRESSIVE;
				CLANG_WARN_UNREACHABLE_CODE = YES;
				CLANG_WARN__DUPLICATE_METHOD_MATCH = YES;
				COPY_PHASE_STRIP = NO;
				DEBUG_INFORMATION_FORMAT = dwarf;
				ENABLE_STRICT_OBJC_MSGSEND = YES;
				ENABLE_TESTABILITY = YES;
				ENABLE_USER_SCRIPT_SANDBOXING = YES;
				GCC_C_LANGUAGE_STANDARD = gnu17;
				GCC_DYNAMIC_NO_PIC = NO;
				GCC_NO_COMMON_BLOCKS = YES;
				GCC_OPTIMIZATION_LEVEL = 0;
				GCC_PREPROCESSOR_DEFINITIONS = (
					"DEBUG=1",
					"$(inherited)",
				);
				GCC_WARN_64_TO_32_BIT_CONVERSION = YES;
				GCC_WARN_ABOUT_RETURN_TYPE = YES_ERROR;
				GCC_WARN_UNDECLARED_SELECTOR = YES;
				GCC_WARN_UNINITIALIZED_AUTOS = YES_AGGRESSIVE;
				GCC_WARN_UNUSED_FUNCTION = YES;
				GCC_WARN_UNUSED_VARIABLE = YES;
				IPHONEOS_DEPLOYMENT_TARGET = 18.5;
				LOCALIZATION_PREFERS_STRING_CATALOGS = YES;
				MTL_ENABLE_DEBUG_INFO = INCLUDE_SOURCE;
				MTL_FAST_MATH = YES;
				ONLY_ACTIVE_ARCH = YES;
				SDKROOT = iphoneos;
				SWIFT_ACTIVE_COMPILATION_CONDITIONS = "DEBUG $(inherited)";
				SWIFT_OPTIMIZATION_LEVEL = "-Onone";
			};
			name = Debug;
		};
		65245BFC2E2A9E880089E688 /* Release */ = {
			isa = XCBuildConfiguration;
			buildSettings = {
				ALWAYS_SEARCH_USER_PATHS = NO;
				ASSETCATALOG_COMPILER_GENERATE_SWIFT_ASSET_SYMBOL_EXTENSIONS = YES;
				CLANG_ANALYZER_NONNULL = YES;
				CLANG_ANALYZER_NUMBER_OBJECT_CONVERSION = YES_AGGRESSIVE;
				CLANG_CXX_LANGUAGE_STANDARD = "gnu++20";
				CLANG_ENABLE_MODULES = YES;
				CLANG_ENABLE_OBJC_ARC = YES;
				CLANG_ENABLE_OBJC_WEAK = YES;
				CLANG_WARN_BLOCK_CAPTURE_AUTORELEASING = YES;
				CLANG_WARN_BOOL_CONVERSION = YES;
				CLANG_WARN_COMMA = YES;
				CLANG_WARN_CONSTANT_CONVERSION = YES;
				CLANG_WARN_DEPRECATED_OBJC_IMPLEMENTATIONS = YES;
				CLANG_WARN_DIRECT_OBJC_ISA_USAGE = YES_ERROR;
				CLANG_WARN_DOCUMENTATION_COMMENTS = YES;
				CLANG_WARN_EMPTY_BODY = YES;
				CLANG_WARN_ENUM_CONVERSION = YES;
				CLANG_WARN_INFINITE_RECURSION = YES;
				CLANG_WARN_INT_CONVERSION = YES;
				CLANG_WARN_NON_LITERAL_NULL_CONVERSION = YES;
				CLANG_WARN_OBJC_IMPLICIT_RETAIN_SELF = YES;
				CLANG_WARN_OBJC_LITERAL_CONVERSION = YES;
				CLANG_WARN_OBJC_ROOT_CLASS = YES_ERROR;
				CLANG_WARN_QUOTED_INCLUDE_IN_FRAMEWORK_HEADER = YES;
				CLANG_WARN_RANGE_LOOP_ANALYSIS = YES;
				CLANG_WARN_STRICT_PROTOTYPES = YES;
				CLANG_WARN_SUSPICIOUS_MOVE = YES;
				CLANG_WARN_UNGUARDED_AVAILABILITY = YES_AGGRESSIVE;
				CLANG_WARN_UNREACHABLE_CODE = YES;
				CLANG_WARN__DUPLICATE_METHOD_MATCH = YES;
				COPY_PHASE_STRIP = NO;
				DEBUG_INFORMATION_FORMAT = "dwarf-with-dsym";
				ENABLE_NS_ASSERTIONS = NO;
				ENABLE_STRICT_OBJC_MSGSEND = YES;
				ENABLE_USER_SCRIPT_SANDBOXING = YES;
				GCC_C_LANGUAGE_STANDARD = gnu17;
				GCC_NO_COMMON_BLOCKS = YES;
				GCC_WARN_64_TO_32_BIT_CONVERSION = YES;
				GCC_WARN_ABOUT_RETURN_TYPE = YES_ERROR;
				GCC_WARN_UNDECLARED_SELECTOR = YES;
				GCC_WARN_UNINITIALIZED_AUTOS = YES_AGGRESSIVE;
				GCC_WARN_UNUSED_FUNCTION = YES;
				GCC_WARN_UNUSED_VARIABLE = YES;
				IPHONEOS_DEPLOYMENT_TARGET = 18.5;
				LOCALIZATION_PREFERS_STRING_CATALOGS = YES;
				MTL_ENABLE_DEBUG_INFO = NO;
				MTL_FAST_MATH = YES;
				SDKROOT = iphoneos;
				SWIFT_COMPILATION_MODE = wholemodule;
				VALIDATE_PRODUCT = YES;
			};
			name = Release;
		};
		65245BFE2E2A9E880089E688 /* Debug */ = {
			isa = XCBuildConfiguration;
			buildSettings = {
				ASSETCATALOG_COMPILER_APPICON_NAME = AppIcon;
				ASSETCATALOG_COMPILER_GLOBAL_ACCENT_COLOR_NAME = AccentColor;
				CODE_SIGN_STYLE = Automatic;
				CURRENT_PROJECT_VERSION = 1;
				DEVELOPMENT_TEAM = WT438UAQVS;
				ENABLE_PREVIEWS = YES;
				GENERATE_INFOPLIST_FILE = YES;
				INFOPLIST_KEY_UIApplicationSceneManifest_Generation = YES;
				INFOPLIST_KEY_UIApplicationSupportsIndirectInputEvents = YES;
				INFOPLIST_KEY_UILaunchScreen_Generation = YES;
				INFOPLIST_KEY_UISupportedInterfaceOrientations_iPad = "UIInterfaceOrientationPortrait UIInterfaceOrientationPortraitUpsideDown UIInterfaceOrientationLandscapeLeft UIInterfaceOrientationLandscapeRight";
				INFOPLIST_KEY_UISupportedInterfaceOrientations_iPhone = "UIInterfaceOrientationPortrait UIInterfaceOrientationLandscapeLeft UIInterfaceOrientationLandscapeRight";
				LD_RUNPATH_SEARCH_PATHS = (
					"$(inherited)",
					"@executable_path/Frameworks",
				);
				MARKETING_VERSION = 1.0;
				PRODUCT_BUNDLE_IDENTIFIER = learning.ShoppingList;
				PRODUCT_NAME = "$(TARGET_NAME)";
				SWIFT_EMIT_LOC_STRINGS = YES;
				SWIFT_VERSION = 5.0;
				TARGETED_DEVICE_FAMILY = "1,2";
			};
			name = Debug;
		};
		65245BFF2E2A9E880089E688 /* Release */ = {
			isa = XCBuildConfiguration;
			buildSettings = {
				ASSETCATALOG_COMPILER_APPICON_NAME = AppIcon;
				ASSETCATALOG_COMPILER_GLOBAL_ACCENT_COLOR_NAME = AccentColor;
				CODE_SIGN_STYLE = Automatic;
				CURRENT_PROJECT_VERSION = 1;
				DEVELOPMENT_TEAM = WT438UAQVS;
				ENABLE_PREVIEWS = YES;
				GENERATE_INFOPLIST_FILE = YES;
				INFOPLIST_KEY_UIApplicationSceneManifest_Generation = YES;
				INFOPLIST_KEY_UIApplicationSupportsIndirectInputEvents = YES;
				INFOPLIST_KEY_UILaunchScreen_Generation = YES;
				INFOPLIST_KEY_UISupportedInterfaceOrientations_iPad = "UIInterfaceOrientationPortrait UIInterfaceOrientationPortraitUpsideDown UIInterfaceOrientationLandscapeLeft UIInterfaceOrientationLandscapeRight";
				INFOPLIST_KEY_UISupportedInterfaceOrientations_iPhone = "UIInterfaceOrientationPortrait UIInterfaceOrientationLandscapeLeft UIInterfaceOrientationLandscapeRight";
				LD_RUNPATH_SEARCH_PATHS = (
					"$(inherited)",
					"@executable_path/Frameworks",
				);
				MARKETING_VERSION = 1.0;
				PRODUCT_BUNDLE_IDENTIFIER = learning.ShoppingList;
				PRODUCT_NAME = "$(TARGET_NAME)";
				SWIFT_EMIT_LOC_STRINGS = YES;
				SWIFT_VERSION = 5.0;
				TARGETED_DEVICE_FAMILY = "1,2";
			};
			name = Release;
		};
		65245C012E2A9E880089E688 /* Debug */ = {
			isa = XCBuildConfiguration;
			buildSettings = {
				BUNDLE_LOADER = "$(TEST_HOST)";
				CODE_SIGN_STYLE = Automatic;
				CURRENT_PROJECT_VERSION = 1;
				DEVELOPMENT_TEAM = WT438UAQVS;
				GENERATE_INFOPLIST_FILE = YES;
				IPHONEOS_DEPLOYMENT_TARGET = 18.5;
				MARKETING_VERSION = 1.0;
				PRODUCT_BUNDLE_IDENTIFIER = learning.ShoppingListTests;
				PRODUCT_NAME = "$(TARGET_NAME)";
				SWIFT_EMIT_LOC_STRINGS = NO;
				SWIFT_VERSION = 5.0;
				TARGETED_DEVICE_FAMILY = "1,2";
				TEST_HOST = "$(BUILT_PRODUCTS_DIR)/ShoppingList.app/$(BUNDLE_EXECUTABLE_FOLDER_PATH)/ShoppingList";
			};
			name = Debug;
		};
		65245C022E2A9E880089E688 /* Release */ = {
			isa = XCBuildConfiguration;
			buildSettings = {
				BUNDLE_LOADER = "$(TEST_HOST)";
				CODE_SIGN_STYLE = Automatic;
				CURRENT_PROJECT_VERSION = 1;
				DEVELOPMENT_TEAM = WT438UAQVS;
				GENERATE_INFOPLIST_FILE = YES;
				IPHONEOS_DEPLOYMENT_TARGET = 18.5;
				MARKETING_VERSION = 1.0;
				PRODUCT_BUNDLE_IDENTIFIER = learning.ShoppingListTests;
				PRODUCT_NAME = "$(TARGET_NAME)";
				SWIFT_EMIT_LOC_STRINGS = NO;
				SWIFT_VERSION = 5.0;
				TARGETED_DEVICE_FAMILY = "1,2";
				TEST_HOST = "$(BUILT_PRODUCTS_DIR)/ShoppingList.app/$(BUNDLE_EXECUTABLE_FOLDER_PATH)/ShoppingList";
			};
			name = Release;
		};
		65245C042E2A9E880089E688 /* Debug */ = {
			isa = XCBuildConfiguration;
			buildSettings = {
				CODE_SIGN_STYLE = Automatic;
				CURRENT_PROJECT_VERSION = 1;
				DEVELOPMENT_TEAM = WT438UAQVS;
				GENERATE_INFOPLIST_FILE = YES;
				MARKETING_VERSION = 1.0;
				PRODUCT_BUNDLE_IDENTIFIER = learning.ShoppingListUITests;
				PRODUCT_NAME = "$(TARGET_NAME)";
				SWIFT_EMIT_LOC_STRINGS = NO;
				SWIFT_VERSION = 5.0;
				TARGETED_DEVICE_FAMILY = "1,2";
				TEST_TARGET_NAME = ShoppingList;
			};
			name = Debug;
		};
		65245C052E2A9E880089E688 /* Release */ = {
			isa = XCBuildConfiguration;
			buildSettings = {
				CODE_SIGN_STYLE = Automatic;
				CURRENT_PROJECT_VERSION = 1;
				DEVELOPMENT_TEAM = WT438UAQVS;
				GENERATE_INFOPLIST_FILE = YES;
				MARKETING_VERSION = 1.0;
				PRODUCT_BUNDLE_IDENTIFIER = learning.ShoppingListUITests;
				PRODUCT_NAME = "$(TARGET_NAME)";
				SWIFT_EMIT_LOC_STRINGS = NO;
				SWIFT_VERSION = 5.0;
				TARGETED_DEVICE_FAMILY = "1,2";
				TEST_TARGET_NAME = ShoppingList;
			};
			name = Release;
		};
		65245D602E301FC60089E688 /* Debug */ = {
			isa = XCBuildConfiguration;
			buildSettings = {
				ASSETCATALOG_COMPILER_APPICON_NAME = AppIcon;
				ASSETCATALOG_COMPILER_GLOBAL_ACCENT_COLOR_NAME = AccentColor;
				CODE_SIGN_STYLE = Automatic;
				CURRENT_PROJECT_VERSION = 1;
				DEVELOPMENT_TEAM = WT438UAQVS;
				ENABLE_PREVIEWS = YES;
				GENERATE_INFOPLIST_FILE = YES;
				INFOPLIST_KEY_CFBundleDisplayName = WatchShoppingList;
				INFOPLIST_KEY_UISupportedInterfaceOrientations = "UIInterfaceOrientationPortrait UIInterfaceOrientationPortraitUpsideDown";
				INFOPLIST_KEY_WKCompanionAppBundleIdentifier = learning.ShoppingList;
				LD_RUNPATH_SEARCH_PATHS = (
					"$(inherited)",
					"@executable_path/Frameworks",
				);
				MARKETING_VERSION = 1.0;
				PRODUCT_BUNDLE_IDENTIFIER = learning.ShoppingList.watchkitapp;
				PRODUCT_NAME = "$(TARGET_NAME)";
				SDKROOT = watchos;
				SKIP_INSTALL = YES;
				SWIFT_EMIT_LOC_STRINGS = YES;
				SWIFT_VERSION = 5.0;
				TARGETED_DEVICE_FAMILY = 4;
				WATCHOS_DEPLOYMENT_TARGET = 11.5;
			};
			name = Debug;
		};
		65245D612E301FC60089E688 /* Release */ = {
			isa = XCBuildConfiguration;
			buildSettings = {
				ASSETCATALOG_COMPILER_APPICON_NAME = AppIcon;
				ASSETCATALOG_COMPILER_GLOBAL_ACCENT_COLOR_NAME = AccentColor;
				CODE_SIGN_STYLE = Automatic;
				CURRENT_PROJECT_VERSION = 1;
				DEVELOPMENT_TEAM = WT438UAQVS;
				ENABLE_PREVIEWS = YES;
				GENERATE_INFOPLIST_FILE = YES;
				INFOPLIST_KEY_CFBundleDisplayName = WatchShoppingList;
				INFOPLIST_KEY_UISupportedInterfaceOrientations = "UIInterfaceOrientationPortrait UIInterfaceOrientationPortraitUpsideDown";
				INFOPLIST_KEY_WKCompanionAppBundleIdentifier = learning.ShoppingList;
				LD_RUNPATH_SEARCH_PATHS = (
					"$(inherited)",
					"@executable_path/Frameworks",
				);
				MARKETING_VERSION = 1.0;
				PRODUCT_BUNDLE_IDENTIFIER = learning.ShoppingList.watchkitapp;
				PRODUCT_NAME = "$(TARGET_NAME)";
				SDKROOT = watchos;
				SKIP_INSTALL = YES;
				SWIFT_EMIT_LOC_STRINGS = YES;
				SWIFT_VERSION = 5.0;
				TARGETED_DEVICE_FAMILY = 4;
				WATCHOS_DEPLOYMENT_TARGET = 11.5;
			};
			name = Release;
		};
		65245D632E301FC60089E688 /* Debug */ = {
			isa = XCBuildConfiguration;
			buildSettings = {
				BUNDLE_LOADER = "$(TEST_HOST)";
				CODE_SIGN_STYLE = Automatic;
				CURRENT_PROJECT_VERSION = 1;
				DEVELOPMENT_TEAM = WT438UAQVS;
				GENERATE_INFOPLIST_FILE = YES;
				MARKETING_VERSION = 1.0;
				PRODUCT_BUNDLE_IDENTIFIER = "learning.WatchShoppingList-Watch-AppTests";
				PRODUCT_NAME = "$(TARGET_NAME)";
				SDKROOT = watchos;
				SWIFT_EMIT_LOC_STRINGS = NO;
				SWIFT_VERSION = 5.0;
				TARGETED_DEVICE_FAMILY = 4;
				TEST_HOST = "$(BUILT_PRODUCTS_DIR)/WatchShoppingList Watch App.app/$(BUNDLE_EXECUTABLE_FOLDER_PATH)/WatchShoppingList Watch App";
				WATCHOS_DEPLOYMENT_TARGET = 11.5;
			};
			name = Debug;
		};
		65245D642E301FC60089E688 /* Release */ = {
			isa = XCBuildConfiguration;
			buildSettings = {
				BUNDLE_LOADER = "$(TEST_HOST)";
				CODE_SIGN_STYLE = Automatic;
				CURRENT_PROJECT_VERSION = 1;
				DEVELOPMENT_TEAM = WT438UAQVS;
				GENERATE_INFOPLIST_FILE = YES;
				MARKETING_VERSION = 1.0;
				PRODUCT_BUNDLE_IDENTIFIER = "learning.WatchShoppingList-Watch-AppTests";
				PRODUCT_NAME = "$(TARGET_NAME)";
				SDKROOT = watchos;
				SWIFT_EMIT_LOC_STRINGS = NO;
				SWIFT_VERSION = 5.0;
				TARGETED_DEVICE_FAMILY = 4;
				TEST_HOST = "$(BUILT_PRODUCTS_DIR)/WatchShoppingList Watch App.app/$(BUNDLE_EXECUTABLE_FOLDER_PATH)/WatchShoppingList Watch App";
				WATCHOS_DEPLOYMENT_TARGET = 11.5;
			};
			name = Release;
		};
		65245D662E301FC60089E688 /* Debug */ = {
			isa = XCBuildConfiguration;
			buildSettings = {
				CODE_SIGN_STYLE = Automatic;
				CURRENT_PROJECT_VERSION = 1;
				DEVELOPMENT_TEAM = WT438UAQVS;
				GENERATE_INFOPLIST_FILE = YES;
				MARKETING_VERSION = 1.0;
				PRODUCT_BUNDLE_IDENTIFIER = "learning.WatchShoppingList-Watch-AppUITests";
				PRODUCT_NAME = "$(TARGET_NAME)";
				SDKROOT = watchos;
				SWIFT_EMIT_LOC_STRINGS = NO;
				SWIFT_VERSION = 5.0;
				TARGETED_DEVICE_FAMILY = 4;
				TEST_TARGET_NAME = "WatchShoppingList Watch App";
				WATCHOS_DEPLOYMENT_TARGET = 11.5;
			};
			name = Debug;
		};
		65245D672E301FC60089E688 /* Release */ = {
			isa = XCBuildConfiguration;
			buildSettings = {
				CODE_SIGN_STYLE = Automatic;
				CURRENT_PROJECT_VERSION = 1;
				DEVELOPMENT_TEAM = WT438UAQVS;
				GENERATE_INFOPLIST_FILE = YES;
				MARKETING_VERSION = 1.0;
				PRODUCT_BUNDLE_IDENTIFIER = "learning.WatchShoppingList-Watch-AppUITests";
				PRODUCT_NAME = "$(TARGET_NAME)";
				SDKROOT = watchos;
				SWIFT_EMIT_LOC_STRINGS = NO;
				SWIFT_VERSION = 5.0;
				TARGETED_DEVICE_FAMILY = 4;
				TEST_TARGET_NAME = "WatchShoppingList Watch App";
				WATCHOS_DEPLOYMENT_TARGET = 11.5;
			};
			name = Release;
		};
/* End XCBuildConfiguration section */

/* Begin XCConfigurationList section */
		65245BD72E2A9E860089E688 /* Build configuration list for PBXProject "ShoppingList" */ = {
			isa = XCConfigurationList;
			buildConfigurations = (
				65245BFB2E2A9E880089E688 /* Debug */,
				65245BFC2E2A9E880089E688 /* Release */,
			);
			defaultConfigurationIsVisible = 0;
			defaultConfigurationName = Release;
		};
		65245BFD2E2A9E880089E688 /* Build configuration list for PBXNativeTarget "ShoppingList" */ = {
			isa = XCConfigurationList;
			buildConfigurations = (
				65245BFE2E2A9E880089E688 /* Debug */,
				65245BFF2E2A9E880089E688 /* Release */,
			);
			defaultConfigurationIsVisible = 0;
			defaultConfigurationName = Release;
		};
		65245C002E2A9E880089E688 /* Build configuration list for PBXNativeTarget "ShoppingListTests" */ = {
			isa = XCConfigurationList;
			buildConfigurations = (
				65245C012E2A9E880089E688 /* Debug */,
				65245C022E2A9E880089E688 /* Release */,
			);
			defaultConfigurationIsVisible = 0;
			defaultConfigurationName = Release;
		};
		65245C032E2A9E880089E688 /* Build configuration list for PBXNativeTarget "ShoppingListUITests" */ = {
			isa = XCConfigurationList;
			buildConfigurations = (
				65245C042E2A9E880089E688 /* Debug */,
				65245C052E2A9E880089E688 /* Release */,
			);
			defaultConfigurationIsVisible = 0;
			defaultConfigurationName = Release;
		};
		65245D5F2E301FC60089E688 /* Build configuration list for PBXNativeTarget "WatchShoppingList Watch App" */ = {
			isa = XCConfigurationList;
			buildConfigurations = (
				65245D602E301FC60089E688 /* Debug */,
				65245D612E301FC60089E688 /* Release */,
			);
			defaultConfigurationIsVisible = 0;
			defaultConfigurationName = Release;
		};
		65245D622E301FC60089E688 /* Build configuration list for PBXNativeTarget "WatchShoppingList Watch AppTests" */ = {
			isa = XCConfigurationList;
			buildConfigurations = (
				65245D632E301FC60089E688 /* Debug */,
				65245D642E301FC60089E688 /* Release */,
			);
			defaultConfigurationIsVisible = 0;
			defaultConfigurationName = Release;
		};
		65245D652E301FC60089E688 /* Build configuration list for PBXNativeTarget "WatchShoppingList Watch AppUITests" */ = {
			isa = XCConfigurationList;
			buildConfigurations = (
				65245D662E301FC60089E688 /* Debug */,
				65245D672E301FC60089E688 /* Release */,
			);
			defaultConfigurationIsVisible = 0;
			defaultConfigurationName = Release;
		};
/* End XCConfigurationList section */
	};
	rootObject = 65245BD42E2A9E860089E688 /* Project object */;
}
